
Microsoft Visual Studio Solution File, Format Version 12.00
# Visual Studio 15
VisualStudioVersion = 15.0.26430.16
MinimumVisualStudioVersion = 10.0.40219.1
Project("{FAE04EC0-301F-11D3-BF4B-00C04F79EFBC}") = "MrRobot", "cint\MrRobot.csproj", "{07179A6F-7ACC-45B1-BF81-822EB5DBE9F0}"
EndProject
Project("{FAE04EC0-301F-11D3-BF4B-00C04F79EFBC}") = "MrRobotTest", "CintTest\MrRobotTest.csproj", "{D93A4F02-1A04-467A-9556-CA6F26387E62}"
EndProject
Global
	GlobalSection(SolutionConfigurationPlatforms) = preSolution
		Debug|Any CPU = Debug|Any CPU
		Release|Any CPU = Release|Any CPU
	EndGlobalSection
	GlobalSection(ProjectConfigurationPlatforms) = postSolution
		{07179A6F-7ACC-45B1-BF81-822EB5DBE9F0}.Debug|Any CPU.ActiveCfg = Debug|Any CPU
		{07179A6F-7ACC-45B1-BF81-822EB5DBE9F0}.Debug|Any CPU.Build.0 = Debug|Any CPU
		{07179A6F-7ACC-45B1-BF81-822EB5DBE9F0}.Release|Any CPU.ActiveCfg = Release|Any CPU
		{07179A6F-7ACC-45B1-BF81-822EB5DBE9F0}.Release|Any CPU.Build.0 = Release|Any CPU
		{D93A4F02-1A04-467A-9556-CA6F26387E62}.Debug|Any CPU.ActiveCfg = Debug|Any CPU
		{D93A4F02-1A04-467A-9556-CA6F26387E62}.Debug|Any CPU.Build.0 = Debug|Any CPU
		{D93A4F02-1A04-467A-9556-CA6F26387E62}.Release|Any CPU.ActiveCfg = Release|Any CPU
		{D93A4F02-1A04-467A-9556-CA6F26387E62}.Release|Any CPU.Build.0 = Release|Any CPU
	EndGlobalSection
	GlobalSection(SolutionProperties) = preSolution
		HideSolutionNode = FALSE
	EndGlobalSection
EndGlobal
